
Microsoft Visual Studio Solution File, Format Version 12.00
# Visual Studio Version 17
VisualStudioVersion = 17.10.35013.160
MinimumVisualStudioVersion = 10.0.40219.1
Project("{9A19103F-16F7-4668-BE54-9A1E7A4F7556}") = "UNITYST", "UNITYST\UNITYST.csproj", "{81B1BBF9-71C5-4BDB-AB05-533401412191}"
EndProject
Project("{9A19103F-16F7-4668-BE54-9A1E7A4F7556}") = "WOWSKILLEDITOR", "WOWSKILLEDITOR\WOWSKILLEDITOR.csproj", "{3D42A6B0-7862-4193-8B59-97B703A2C85D}"
EndProject
Project("{9A19103F-16F7-4668-BE54-9A1E7A4F7556}") = "WOWMAPEDITOR", "WOWMAPEDITOR\WOWMAPEDITOR.csproj", "{ED150C87-33A3-40B1-A19C-689839A12D17}"
EndProject
Project("{2150E333-8FDC-42A3-9474-1A3956D46DE8}") = "솔루션 항목", "솔루션 항목", "{CC539A3A-8916-4BD3-A545-CB22687547D2}"
	ProjectSection(SolutionItems) = preProject
		목차.txt = 목차.txt
	EndProjectSection
EndProject
Project("{2150E333-8FDC-42A3-9474-1A3956D46DE8}") = "STD", "STD", "{0922F430-2294-4688-A88B-E0823D81D59B}"
EndProject
Project("{9A19103F-16F7-4668-BE54-9A1E7A4F7556}") = "00Using", "00Using\00Using.csproj", "{BE7BE55C-B851-4AF5-AB6D-73B5F1ADAD1B}"
EndProject
Project("{9A19103F-16F7-4668-BE54-9A1E7A4F7556}") = "01Class", "01Class\01Class.csproj", "{415A54A5-BF08-43A4-BDA3-F8E1F123C972}"
EndProject
Project("{9A19103F-16F7-4668-BE54-9A1E7A4F7556}") = "02NameSpace", "02NameSpace\02NameSpace.csproj", "{472DF133-606B-4504-BDCB-8C36FD16857F}"
EndProject
Project("{9A19103F-16F7-4668-BE54-9A1E7A4F7556}") = "03CodeStartAndReading", "03CodeStartAndReading\03CodeStartAndReading.csproj", "{7F583A85-B2C9-4F99-A5B3-14219C5FA203}"
EndProject
Project("{9A19103F-16F7-4668-BE54-9A1E7A4F7556}") = "04MemberVar", "04MemberVar\04MemberVar.csproj", "{F7243559-2E28-4462-8879-CB638C1A9C9C}"
EndProject
Project("{9A19103F-16F7-4668-BE54-9A1E7A4F7556}") = "08FuncEx", "08FuncEx\08FuncEx.csproj", "{644CC34E-C48D-417A-9008-36C1CD4F1AF5}"
EndProject
Project("{9A19103F-16F7-4668-BE54-9A1E7A4F7556}") = "09Operator", "09Operator\09Operator.csproj", "{CADE8B20-B25D-44AF-9974-4DFBC79C6EAC}"
EndProject
Project("{9A19103F-16F7-4668-BE54-9A1E7A4F7556}") = "10Memory00(Func)", "10Memory00_Func_\10Memory00(Func).csproj", "{400D49CE-C3CF-4DF5-95B5-EC3C70D2E6EF}"
EndProject
Project("{9A19103F-16F7-4668-BE54-9A1E7A4F7556}") = "11Memory01(Value)", "11Memory00(Value)\11Memory01(Value).csproj", "{41560666-448B-48AE-BAE6-E0234DC9CD31}"
EndProject
Project("{9A19103F-16F7-4668-BE54-9A1E7A4F7556}") = "12Memory02(Reference)", "12Memory02(Reference)\12Memory02(Reference).csproj", "{6A30F93C-5234-456F-A85C-E59451B24F70}"
EndProject
Project("{9A19103F-16F7-4668-BE54-9A1E7A4F7556}") = "13StaticVar", "13StaticVar\13StaticVar.csproj", "{12155EB3-E423-4D66-A789-E19CB0AC9111}"
EndProject
Project("{9A19103F-16F7-4668-BE54-9A1E7A4F7556}") = "14StaticFunc", "14StaticFunc\14StaticFunc.csproj", "{153F5F2F-7897-4CDD-B77D-BA358740C995}"
EndProject
Project("{9A19103F-16F7-4668-BE54-9A1E7A4F7556}") = "15StaticClass", "15StaticClass\15StaticClass.csproj", "{D9D15B9B-7629-49EC-B41B-49025E6EA7E0}"
EndProject
Project("{9A19103F-16F7-4668-BE54-9A1E7A4F7556}") = "16This", "16This\16This.csproj", "{F708F321-3A35-40A7-8FF3-0F17B5465455}"
EndProject
Project("{9A19103F-16F7-4668-BE54-9A1E7A4F7556}") = "17while", "17while\17while.csproj", "{C3D5EE25-B99E-4FBD-A1EF-F8EE86A216DE}"
EndProject
Project("{9A19103F-16F7-4668-BE54-9A1E7A4F7556}") = "18for", "18for\18for.csproj", "{0107B934-DD38-4D3E-97B8-F6B16EAC9BC1}"
EndProject
Project("{9A19103F-16F7-4668-BE54-9A1E7A4F7556}") = "19if", "19if\19if.csproj", "{D90657D9-DB29-40BE-A905-64C9950AC387}"
EndProject
Project("{9A19103F-16F7-4668-BE54-9A1E7A4F7556}") = "20Switch", "20Switch\20Switch.csproj", "{BAE7F417-DE54-4EB1-8DAB-85C1C753C690}"
EndProject
Project("{9A19103F-16F7-4668-BE54-9A1E7A4F7556}") = "21Struct", "21Struct\21Struct.csproj", "{A6B94440-128E-443A-BCC4-B171C9244985}"
EndProject
Project("{9A19103F-16F7-4668-BE54-9A1E7A4F7556}") = "22Enum", "22Enum\22Enum.csproj", "{709B31AC-E970-4D28-B0BE-7933ECECB692}"
EndProject
Project("{2150E333-8FDC-42A3-9474-1A3956D46DE8}") = "Game", "Game", "{339F7EE6-6E5F-4465-BEA8-8582B43A6650}"
EndProject
Project("{9A19103F-16F7-4668-BE54-9A1E7A4F7556}") = "TextRpg001", "TextRpg001\TextRpg001.csproj", "{7D007555-9549-4157-B53A-17930F2B215A}"
EndProject
Project("{FAE04EC0-301F-11D3-BF4B-00C04F79EFBC}") = "23Inheritance", "23Inheritance\23Inheritance.csproj", "{E0012386-B67C-406A-B0D5-7CF24123BF44}"
EndProject
Project("{FAE04EC0-301F-11D3-BF4B-00C04F79EFBC}") = "24ClassConstructor", "24ClassConstructor\24ClassConstructor.csproj", "{BF18F1F8-5055-41B1-B1C8-971459451971}"
EndProject
Global
	GlobalSection(SolutionConfigurationPlatforms) = preSolution
		Debug|Any CPU = Debug|Any CPU
		Release|Any CPU = Release|Any CPU
	EndGlobalSection
	GlobalSection(ProjectConfigurationPlatforms) = postSolution
		{81B1BBF9-71C5-4BDB-AB05-533401412191}.Debug|Any CPU.ActiveCfg = Debug|Any CPU
		{81B1BBF9-71C5-4BDB-AB05-533401412191}.Debug|Any CPU.Build.0 = Debug|Any CPU
		{81B1BBF9-71C5-4BDB-AB05-533401412191}.Debug|Any CPU.Deploy.0 = Debug|Any CPU
		{81B1BBF9-71C5-4BDB-AB05-533401412191}.Release|Any CPU.ActiveCfg = Release|Any CPU
		{81B1BBF9-71C5-4BDB-AB05-533401412191}.Release|Any CPU.Build.0 = Release|Any CPU
		{81B1BBF9-71C5-4BDB-AB05-533401412191}.Release|Any CPU.Deploy.0 = Release|Any CPU
		{3D42A6B0-7862-4193-8B59-97B703A2C85D}.Debug|Any CPU.ActiveCfg = Debug|Any CPU
		{3D42A6B0-7862-4193-8B59-97B703A2C85D}.Debug|Any CPU.Build.0 = Debug|Any CPU
		{3D42A6B0-7862-4193-8B59-97B703A2C85D}.Release|Any CPU.ActiveCfg = Release|Any CPU
		{3D42A6B0-7862-4193-8B59-97B703A2C85D}.Release|Any CPU.Build.0 = Release|Any CPU
		{ED150C87-33A3-40B1-A19C-689839A12D17}.Debug|Any CPU.ActiveCfg = Debug|Any CPU
		{ED150C87-33A3-40B1-A19C-689839A12D17}.Debug|Any CPU.Build.0 = Debug|Any CPU
		{ED150C87-33A3-40B1-A19C-689839A12D17}.Release|Any CPU.ActiveCfg = Release|Any CPU
		{ED150C87-33A3-40B1-A19C-689839A12D17}.Release|Any CPU.Build.0 = Release|Any CPU
		{BE7BE55C-B851-4AF5-AB6D-73B5F1ADAD1B}.Debug|Any CPU.ActiveCfg = Debug|Any CPU
		{BE7BE55C-B851-4AF5-AB6D-73B5F1ADAD1B}.Debug|Any CPU.Build.0 = Debug|Any CPU
		{BE7BE55C-B851-4AF5-AB6D-73B5F1ADAD1B}.Release|Any CPU.ActiveCfg = Release|Any CPU
		{BE7BE55C-B851-4AF5-AB6D-73B5F1ADAD1B}.Release|Any CPU.Build.0 = Release|Any CPU
		{415A54A5-BF08-43A4-BDA3-F8E1F123C972}.Debug|Any CPU.ActiveCfg = Debug|Any CPU
		{415A54A5-BF08-43A4-BDA3-F8E1F123C972}.Debug|Any CPU.Build.0 = Debug|Any CPU
		{415A54A5-BF08-43A4-BDA3-F8E1F123C972}.Release|Any CPU.ActiveCfg = Release|Any CPU
		{415A54A5-BF08-43A4-BDA3-F8E1F123C972}.Release|Any CPU.Build.0 = Release|Any CPU
		{472DF133-606B-4504-BDCB-8C36FD16857F}.Debug|Any CPU.ActiveCfg = Debug|Any CPU
		{472DF133-606B-4504-BDCB-8C36FD16857F}.Debug|Any CPU.Build.0 = Debug|Any CPU
		{472DF133-606B-4504-BDCB-8C36FD16857F}.Release|Any CPU.ActiveCfg = Release|Any CPU
		{472DF133-606B-4504-BDCB-8C36FD16857F}.Release|Any CPU.Build.0 = Release|Any CPU
		{7F583A85-B2C9-4F99-A5B3-14219C5FA203}.Debug|Any CPU.ActiveCfg = Debug|Any CPU
		{7F583A85-B2C9-4F99-A5B3-14219C5FA203}.Debug|Any CPU.Build.0 = Debug|Any CPU
		{7F583A85-B2C9-4F99-A5B3-14219C5FA203}.Release|Any CPU.ActiveCfg = Release|Any CPU
		{7F583A85-B2C9-4F99-A5B3-14219C5FA203}.Release|Any CPU.Build.0 = Release|Any CPU
		{F7243559-2E28-4462-8879-CB638C1A9C9C}.Debug|Any CPU.ActiveCfg = Debug|Any CPU
		{F7243559-2E28-4462-8879-CB638C1A9C9C}.Debug|Any CPU.Build.0 = Debug|Any CPU
		{F7243559-2E28-4462-8879-CB638C1A9C9C}.Release|Any CPU.ActiveCfg = Release|Any CPU
		{F7243559-2E28-4462-8879-CB638C1A9C9C}.Release|Any CPU.Build.0 = Release|Any CPU
		{644CC34E-C48D-417A-9008-36C1CD4F1AF5}.Debug|Any CPU.ActiveCfg = Debug|Any CPU
		{644CC34E-C48D-417A-9008-36C1CD4F1AF5}.Debug|Any CPU.Build.0 = Debug|Any CPU
		{644CC34E-C48D-417A-9008-36C1CD4F1AF5}.Release|Any CPU.ActiveCfg = Release|Any CPU
		{644CC34E-C48D-417A-9008-36C1CD4F1AF5}.Release|Any CPU.Build.0 = Release|Any CPU
		{CADE8B20-B25D-44AF-9974-4DFBC79C6EAC}.Debug|Any CPU.ActiveCfg = Debug|Any CPU
		{CADE8B20-B25D-44AF-9974-4DFBC79C6EAC}.Debug|Any CPU.Build.0 = Debug|Any CPU
		{CADE8B20-B25D-44AF-9974-4DFBC79C6EAC}.Release|Any CPU.ActiveCfg = Release|Any CPU
		{CADE8B20-B25D-44AF-9974-4DFBC79C6EAC}.Release|Any CPU.Build.0 = Release|Any CPU
		{400D49CE-C3CF-4DF5-95B5-EC3C70D2E6EF}.Debug|Any CPU.ActiveCfg = Debug|Any CPU
		{400D49CE-C3CF-4DF5-95B5-EC3C70D2E6EF}.Debug|Any CPU.Build.0 = Debug|Any CPU
		{400D49CE-C3CF-4DF5-95B5-EC3C70D2E6EF}.Release|Any CPU.ActiveCfg = Release|Any CPU
		{400D49CE-C3CF-4DF5-95B5-EC3C70D2E6EF}.Release|Any CPU.Build.0 = Release|Any CPU
		{41560666-448B-48AE-BAE6-E0234DC9CD31}.Debug|Any CPU.ActiveCfg = Debug|Any CPU
		{41560666-448B-48AE-BAE6-E0234DC9CD31}.Debug|Any CPU.Build.0 = Debug|Any CPU
		{41560666-448B-48AE-BAE6-E0234DC9CD31}.Release|Any CPU.ActiveCfg = Release|Any CPU
		{41560666-448B-48AE-BAE6-E0234DC9CD31}.Release|Any CPU.Build.0 = Release|Any CPU
		{6A30F93C-5234-456F-A85C-E59451B24F70}.Debug|Any CPU.ActiveCfg = Debug|Any CPU
		{6A30F93C-5234-456F-A85C-E59451B24F70}.Debug|Any CPU.Build.0 = Debug|Any CPU
		{6A30F93C-5234-456F-A85C-E59451B24F70}.Release|Any CPU.ActiveCfg = Release|Any CPU
		{6A30F93C-5234-456F-A85C-E59451B24F70}.Release|Any CPU.Build.0 = Release|Any CPU
		{12155EB3-E423-4D66-A789-E19CB0AC9111}.Debug|Any CPU.ActiveCfg = Debug|Any CPU
		{12155EB3-E423-4D66-A789-E19CB0AC9111}.Debug|Any CPU.Build.0 = Debug|Any CPU
		{12155EB3-E423-4D66-A789-E19CB0AC9111}.Release|Any CPU.ActiveCfg = Release|Any CPU
		{12155EB3-E423-4D66-A789-E19CB0AC9111}.Release|Any CPU.Build.0 = Release|Any CPU
		{153F5F2F-7897-4CDD-B77D-BA358740C995}.Debug|Any CPU.ActiveCfg = Debug|Any CPU
		{153F5F2F-7897-4CDD-B77D-BA358740C995}.Debug|Any CPU.Build.0 = Debug|Any CPU
		{153F5F2F-7897-4CDD-B77D-BA358740C995}.Release|Any CPU.ActiveCfg = Release|Any CPU
		{153F5F2F-7897-4CDD-B77D-BA358740C995}.Release|Any CPU.Build.0 = Release|Any CPU
		{D9D15B9B-7629-49EC-B41B-49025E6EA7E0}.Debug|Any CPU.ActiveCfg = Debug|Any CPU
		{D9D15B9B-7629-49EC-B41B-49025E6EA7E0}.Debug|Any CPU.Build.0 = Debug|Any CPU
		{D9D15B9B-7629-49EC-B41B-49025E6EA7E0}.Release|Any CPU.ActiveCfg = Release|Any CPU
		{D9D15B9B-7629-49EC-B41B-49025E6EA7E0}.Release|Any CPU.Build.0 = Release|Any CPU
		{F708F321-3A35-40A7-8FF3-0F17B5465455}.Debug|Any CPU.ActiveCfg = Debug|Any CPU
		{F708F321-3A35-40A7-8FF3-0F17B5465455}.Debug|Any CPU.Build.0 = Debug|Any CPU
		{F708F321-3A35-40A7-8FF3-0F17B5465455}.Release|Any CPU.ActiveCfg = Release|Any CPU
		{F708F321-3A35-40A7-8FF3-0F17B5465455}.Release|Any CPU.Build.0 = Release|Any CPU
		{C3D5EE25-B99E-4FBD-A1EF-F8EE86A216DE}.Debug|Any CPU.ActiveCfg = Debug|Any CPU
		{C3D5EE25-B99E-4FBD-A1EF-F8EE86A216DE}.Debug|Any CPU.Build.0 = Debug|Any CPU
		{C3D5EE25-B99E-4FBD-A1EF-F8EE86A216DE}.Release|Any CPU.ActiveCfg = Release|Any CPU
		{C3D5EE25-B99E-4FBD-A1EF-F8EE86A216DE}.Release|Any CPU.Build.0 = Release|Any CPU
		{0107B934-DD38-4D3E-97B8-F6B16EAC9BC1}.Debug|Any CPU.ActiveCfg = Debug|Any CPU
		{0107B934-DD38-4D3E-97B8-F6B16EAC9BC1}.Debug|Any CPU.Build.0 = Debug|Any CPU
		{0107B934-DD38-4D3E-97B8-F6B16EAC9BC1}.Release|Any CPU.ActiveCfg = Release|Any CPU
		{0107B934-DD38-4D3E-97B8-F6B16EAC9BC1}.Release|Any CPU.Build.0 = Release|Any CPU
		{D90657D9-DB29-40BE-A905-64C9950AC387}.Debug|Any CPU.ActiveCfg = Debug|Any CPU
		{D90657D9-DB29-40BE-A905-64C9950AC387}.Debug|Any CPU.Build.0 = Debug|Any CPU
		{D90657D9-DB29-40BE-A905-64C9950AC387}.Release|Any CPU.ActiveCfg = Release|Any CPU
		{D90657D9-DB29-40BE-A905-64C9950AC387}.Release|Any CPU.Build.0 = Release|Any CPU
		{BAE7F417-DE54-4EB1-8DAB-85C1C753C690}.Debug|Any CPU.ActiveCfg = Debug|Any CPU
		{BAE7F417-DE54-4EB1-8DAB-85C1C753C690}.Debug|Any CPU.Build.0 = Debug|Any CPU
		{BAE7F417-DE54-4EB1-8DAB-85C1C753C690}.Release|Any CPU.ActiveCfg = Release|Any CPU
		{BAE7F417-DE54-4EB1-8DAB-85C1C753C690}.Release|Any CPU.Build.0 = Release|Any CPU
		{A6B94440-128E-443A-BCC4-B171C9244985}.Debug|Any CPU.ActiveCfg = Debug|Any CPU
		{A6B94440-128E-443A-BCC4-B171C9244985}.Debug|Any CPU.Build.0 = Debug|Any CPU
		{A6B94440-128E-443A-BCC4-B171C9244985}.Release|Any CPU.ActiveCfg = Release|Any CPU
		{A6B94440-128E-443A-BCC4-B171C9244985}.Release|Any CPU.Build.0 = Release|Any CPU
		{709B31AC-E970-4D28-B0BE-7933ECECB692}.Debug|Any CPU.ActiveCfg = Debug|Any CPU
		{709B31AC-E970-4D28-B0BE-7933ECECB692}.Debug|Any CPU.Build.0 = Debug|Any CPU
		{709B31AC-E970-4D28-B0BE-7933ECECB692}.Release|Any CPU.ActiveCfg = Release|Any CPU
		{709B31AC-E970-4D28-B0BE-7933ECECB692}.Release|Any CPU.Build.0 = Release|Any CPU
		{7D007555-9549-4157-B53A-17930F2B215A}.Debug|Any CPU.ActiveCfg = Debug|Any CPU
		{7D007555-9549-4157-B53A-17930F2B215A}.Debug|Any CPU.Build.0 = Debug|Any CPU
		{7D007555-9549-4157-B53A-17930F2B215A}.Release|Any CPU.ActiveCfg = Release|Any CPU
		{7D007555-9549-4157-B53A-17930F2B215A}.Release|Any CPU.Build.0 = Release|Any CPU
		{E0012386-B67C-406A-B0D5-7CF24123BF44}.Debug|Any CPU.ActiveCfg = Debug|Any CPU
		{E0012386-B67C-406A-B0D5-7CF24123BF44}.Debug|Any CPU.Build.0 = Debug|Any CPU
		{E0012386-B67C-406A-B0D5-7CF24123BF44}.Release|Any CPU.ActiveCfg = Release|Any CPU
		{E0012386-B67C-406A-B0D5-7CF24123BF44}.Release|Any CPU.Build.0 = Release|Any CPU
		{BF18F1F8-5055-41B1-B1C8-971459451971}.Debug|Any CPU.ActiveCfg = Debug|Any CPU
		{BF18F1F8-5055-41B1-B1C8-971459451971}.Debug|Any CPU.Build.0 = Debug|Any CPU
		{BF18F1F8-5055-41B1-B1C8-971459451971}.Release|Any CPU.ActiveCfg = Release|Any CPU
		{BF18F1F8-5055-41B1-B1C8-971459451971}.Release|Any CPU.Build.0 = Release|Any CPU
	EndGlobalSection
	GlobalSection(SolutionProperties) = preSolution
		HideSolutionNode = FALSE
	EndGlobalSection
	GlobalSection(NestedProjects) = preSolution
		{81B1BBF9-71C5-4BDB-AB05-533401412191} = {0922F430-2294-4688-A88B-E0823D81D59B}
		{3D42A6B0-7862-4193-8B59-97B703A2C85D} = {0922F430-2294-4688-A88B-E0823D81D59B}
		{ED150C87-33A3-40B1-A19C-689839A12D17} = {0922F430-2294-4688-A88B-E0823D81D59B}
		{7D007555-9549-4157-B53A-17930F2B215A} = {339F7EE6-6E5F-4465-BEA8-8582B43A6650}
	EndGlobalSection
	GlobalSection(ExtensibilityGlobals) = postSolution
		SolutionGuid = {24657656-B128-4EF8-9292-52F000942E92}
	EndGlobalSection
EndGlobal
